
Microsoft Visual Studio Solution File, Format Version 12.00
# Visual Studio Version 17
VisualStudioVersion = 17.4.33403.182
MinimumVisualStudioVersion = 10.0.40219.1
Project("{FAE04EC0-301F-11D3-BF4B-00C04F79EFBC}") = "Ternario", "Ternario\Ternario.csproj", "{74D58FA6-2115-4D7F-B924-048ABA94F7D9}"
EndProject
Global
	GlobalSection(SolutionConfigurationPlatforms) = preSolution
		Debug|Any CPU = Debug|Any CPU
		Release|Any CPU = Release|Any CPU
	EndGlobalSection
	GlobalSection(ProjectConfigurationPlatforms) = postSolution
		{74D58FA6-2115-4D7F-B924-048ABA94F7D9}.Debug|Any CPU.ActiveCfg = Debug|Any CPU
		{74D58FA6-2115-4D7F-B924-048ABA94F7D9}.Debug|Any CPU.Build.0 = Debug|Any CPU
		{74D58FA6-2115-4D7F-B924-048ABA94F7D9}.Release|Any CPU.ActiveCfg = Release|Any CPU
		{74D58FA6-2115-4D7F-B924-048ABA94F7D9}.Release|Any CPU.Build.0 = Release|Any CPU
	EndGlobalSection
	GlobalSection(SolutionProperties) = preSolution
		HideSolutionNode = FALSE
	EndGlobalSection
	GlobalSection(ExtensibilityGlobals) = postSolution
		SolutionGuid = {FC37B227-5DC3-4A62-9334-341281877955}
	EndGlobalSection
EndGloba
