
Microsoft Visual Studio Solution File, Format Version 12.00
# Visual Studio Version 17
VisualStudioVersion = 17.4.33403.182
MinimumVisualStudioVersion = 10.0.40219.1
Project("{FAE04EC0-301F-11D3-BF4B-00C04F79EFBC}") = "Matriz", "Matriz\Matriz.csproj", "{DD6F580C-EAB3-406D-82CE-F714A9C98178}"
EndProject
Global
	GlobalSection(SolutionConfigurationPlatforms) = preSolution
		Debug|Any CPU = Debug|Any CPU
		Release|Any CPU = Release|Any CPU
	EndGlobalSection
	GlobalSection(ProjectConfigurationPlatforms) = postSolution
		{DD6F580C-EAB3-406D-82CE-F714A9C98178}.Debug|Any CPU.ActiveCfg = Debug|Any CPU
		{DD6F580C-EAB3-406D-82CE-F714A9C98178}.Debug|Any CPU.Build.0 = Debug|Any CPU
		{DD6F580C-EAB3-406D-82CE-F714A9C98178}.Release|Any CPU.ActiveCfg = Release|Any CPU
		{DD6F580C-EAB3-406D-82CE-F714A9C98178}.Release|Any CPU.Build.0 = Release|Any CPU
	EndGlobalSection
	GlobalSection(SolutionProperties) = preSolution
		HideSolutionNode = FALSE
	EndGlobalSection
	GlobalSection(ExtensibilityGlobals) = postSolution
		SolutionGuid = {44E797A7-876E-43D2-A548-D9097269C357}
	EndGlobalSection
EndGlobal
