
Microsoft Visual Studio Solution File, Format Version 12.00
# Visual Studio Version 17
VisualStudioVersion = 17.4.33403.182
MinimumVisualStudioVersion = 10.0.40219.1
Project("{FAE04EC0-301F-11D3-BF4B-00C04F79EFBC}") = "Exercícios", "Exercícios\Exercícios.csproj", "{31968F09-4EAE-46F6-91E8-F4D2BC847B3B}"
EndProject
Global
	GlobalSection(SolutionConfigurationPlatforms) = preSolution
		Debug|Any CPU = Debug|Any CPU
		Release|Any CPU = Release|Any CPU
	EndGlobalSection
	GlobalSection(ProjectConfigurationPlatforms) = postSolution
		{31968F09-4EAE-46F6-91E8-F4D2BC847B3B}.Debug|Any CPU.ActiveCfg = Debug|Any CPU
		{31968F09-4EAE-46F6-91E8-F4D2BC847B3B}.Debug|Any CPU.Build.0 = Debug|Any CPU
		{31968F09-4EAE-46F6-91E8-F4D2BC847B3B}.Release|Any CPU.ActiveCfg = Release|Any CPU
		{31968F09-4EAE-46F6-91E8-F4D2BC847B3B}.Release|Any CPU.Build.0 = Release|Any CPU
	EndGlobalSection
	GlobalSection(SolutionProperties) = preSolution
		HideSolutionNode = FALSE
	EndGlobalSection
	GlobalSection(ExtensibilityGlobals) = postSolution
		SolutionGuid = {E765826F-ABE4-4C52-BF1C-971EE7A616A0}
	EndGlobalSection
EndGlobal
